
Microsoft Visual Studio Solution File, Format Version 12.00
# Visual Studio Version 16
VisualStudioVersion = 16.0.31205.134
MinimumVisualStudioVersion = 10.0.40219.1
Project("{9A19103F-16F7-4668-BE54-9A1E7A4F7556}") = "LacosteC968Task", "LacosteC968Task\LacosteC968Task.csproj", "{9764B9D8-F238-41F4-98ED-AA5045CE5115}"
EndProject
Project("{2150E333-8FDC-42A3-9474-1A3956D46DE8}") = "Solution Items", "Solution Items", "{28994774-A93C-4FC2-962A-73EBAFC6FF53}"
EndProject
Global
	GlobalSection(SolutionConfigurationPlatforms) = preSolution
		Debug|Any CPU = Debug|Any CPU
		Release|Any CPU = Release|Any CPU
	EndGlobalSection
	GlobalSection(ProjectConfigurationPlatforms) = postSolution
		{9764B9D8-F238-41F4-98ED-AA5045CE5115}.Debug|Any CPU.ActiveCfg = Debug|Any CPU
		{9764B9D8-F238-41F4-98ED-AA5045CE5115}.Debug|Any CPU.Build.0 = Debug|Any CPU
		{9764B9D8-F238-41F4-98ED-AA5045CE5115}.Release|Any CPU.ActiveCfg = Release|Any CPU
		{9764B9D8-F238-41F4-98ED-AA5045CE5115}.Release|Any CPU.Build.0 = Release|Any CPU
	EndGlobalSection
	GlobalSection(SolutionProperties) = preSolution
		HideSolutionNode = FALSE
	EndGlobalSection
	GlobalSection(ExtensibilityGlobals) = postSolution
		SolutionGuid = {C303818B-744E-45A1-A1C6-9F76EF066607}
	EndGlobalSection
EndGlobal
